// !$*UTF8*$!
{
	archiveVersion = 1;
	classes = {
	};
	objectVersion = 50;
	objects = {

/* Begin PBXBuildFile section */
		FB18FD5B255ACEFE002DABCE /* NewBookViewController.swift in Sources */ = {isa = PBXBuildFile; fileRef = FB18FD5A255ACEFE002DABCE /* NewBookViewController.swift */; };
		FB52EA16255C3D1900BD5C0F /* LibraryHeaderView.xib in Resources */ = {isa = PBXBuildFile; fileRef = FB52EA15255C3D1800BD5C0F /* LibraryHeaderView.xib */; };
		FB86E0DD254F38B60002A125 /* AppDelegate.swift in Sources */ = {isa = PBXBuildFile; fileRef = FB86E0DC254F38B60002A125 /* AppDelegate.swift */; };
		FB86E0DF254F38B60002A125 /* SceneDelegate.swift in Sources */ = {isa = PBXBuildFile; fileRef = FB86E0DE254F38B60002A125 /* SceneDelegate.swift */; };
		FB86E0E1254F38B60002A125 /* LibraryViewController.swift in Sources */ = {isa = PBXBuildFile; fileRef = FB86E0E0254F38B60002A125 /* LibraryViewController.swift */; };
		FB86E0E4254F38B60002A125 /* Main.storyboard in Resources */ = {isa = PBXBuildFile; fileRef = FB86E0E2254F38B60002A125 /* Main.storyboard */; };
		FB86E0E6254F38BC0002A125 /* Assets.xcassets in Resources */ = {isa = PBXBuildFile; fileRef = FB86E0E5254F38BC0002A125 /* Assets.xcassets */; };
		FB86E0E9254F38BC0002A125 /* LaunchScreen.storyboard in Resources */ = {isa = PBXBuildFile; fileRef = FB86E0E7254F38BC0002A125 /* LaunchScreen.storyboard */; };
		FB86E0F1254F3B140002A125 /* Book.swift in Sources */ = {isa = PBXBuildFile; fileRef = FB86E0F0254F3B140002A125 /* Book.swift */; };
		FB86E0F3254F42570002A125 /* Library.swift in Sources */ = {isa = PBXBuildFile; fileRef = FB86E0F2254F42570002A125 /* Library.swift */; };
		FB86E0F52550464A0002A125 /* DetailViewController.swift in Sources */ = {isa = PBXBuildFile; fileRef = FB86E0F42550464A0002A125 /* DetailViewController.swift */; };
		FB86E0F72555818D0002A125 /* BoockCell.swift in Sources */ = {isa = PBXBuildFile; fileRef = FB86E0F62555818D0002A125 /* BoockCell.swift */; };
/* End PBXBuildFile section */

/* Begin PBXFileReference section */
		FB18FD5A255ACEFE002DABCE /* NewBookViewController.swift */ = {isa = PBXFileReference; lastKnownFileType = sourcecode.swift; path = NewBookViewController.swift; sourceTree = "<group>"; };
		FB52EA15255C3D1800BD5C0F /* LibraryHeaderView.xib */ = {isa = PBXFileReference; lastKnownFileType = file.xib; path = LibraryHeaderView.xib; sourceTree = "<group>"; };
		FB86E0D9254F38B60002A125 /* ReadMe.app */ = {isa = PBXFileReference; explicitFileType = wrapper.application; includeInIndex = 0; path = ReadMe.app; sourceTree = BUILT_PRODUCTS_DIR; };
		FB86E0DC254F38B60002A125 /* AppDelegate.swift */ = {isa = PBXFileReference; lastKnownFileType = sourcecode.swift; path = AppDelegate.swift; sourceTree = "<group>"; };
		FB86E0DE254F38B60002A125 /* SceneDelegate.swift */ = {isa = PBXFileReference; lastKnownFileType = sourcecode.swift; path = SceneDelegate.swift; sourceTree = "<group>"; };
		FB86E0E0254F38B60002A125 /* LibraryViewController.swift */ = {isa = PBXFileReference; lastKnownFileType = sourcecode.swift; path = LibraryViewController.swift; sourceTree = "<group>"; };
		FB86E0E3254F38B60002A125 /* Base */ = {isa = PBXFileReference; lastKnownFileType = file.storyboard; name = Base; path = Base.lproj/Main.storyboard; sourceTree = "<group>"; };
		FB86E0E5254F38BC0002A125 /* Assets.xcassets */ = {isa = PBXFileReference; lastKnownFileType = folder.assetcatalog; path = Assets.xcassets; sourceTree = "<group>"; };
		FB86E0E8254F38BC0002A125 /* Base */ = {isa = PBXFileReference; lastKnownFileType = file.storyboard; name = Base; path = Base.lproj/LaunchScreen.storyboard; sourceTree = "<group>"; };
		FB86E0EA254F38BC0002A125 /* Info.plist */ = {isa = PBXFileReference; lastKnownFileType = text.plist.xml; path = Info.plist; sourceTree = "<group>"; };
		FB86E0F0254F3B140002A125 /* Book.swift */ = {isa = PBXFileReference; lastKnownFileType = sourcecode.swift; path = Book.swift; sourceTree = "<group>"; };
		FB86E0F2254F42570002A125 /* Library.swift */ = {isa = PBXFileReference; fileEncoding = 4; lastKnownFileType = sourcecode.swift; path = Library.swift; sourceTree = "<group>"; };
		FB86E0F42550464A0002A125 /* DetailViewController.swift */ = {isa = PBXFileReference; lastKnownFileType = sourcecode.swift; path = DetailViewController.swift; sourceTree = "<group>"; };
		FB86E0F62555818D0002A125 /* BoockCell.swift */ = {isa = PBXFileReference; lastKnownFileType = sourcecode.swift; path = BoockCell.swift; sourceTree = "<group>"; };
/* End PBXFileReference section */

/* Begin PBXFrameworksBuildPhase section */
		FB86E0D6254F38B60002A125 /* Frameworks */ = {
			isa = PBXFrameworksBuildPhase;
			buildActionMask = 2147483647;
			files = (
			);
			runOnlyForDeploymentPostprocessing = 0;
		};
/* End PBXFrameworksBuildPhase section */

/* Begin PBXGroup section */
		FB86E0D0254F38B60002A125 = {
			isa = PBXGroup;
			children = (
				FB86E0DB254F38B60002A125 /* ReadMe */,
				FB86E0DA254F38B60002A125 /* Products */,
			);
			sourceTree = "<group>";
		};
		FB86E0DA254F38B60002A125 /* Products */ = {
			isa = PBXGroup;
			children = (
				FB86E0D9254F38B60002A125 /* ReadMe.app */,
			);
			name = Products;
			sourceTree = "<group>";
		};
		FB86E0DB254F38B60002A125 /* ReadMe */ = {
			isa = PBXGroup;
			children = (
				FB86E0DC254F38B60002A125 /* AppDelegate.swift */,
				FB86E0DE254F38B60002A125 /* SceneDelegate.swift */,
				FB86E0E0254F38B60002A125 /* LibraryViewController.swift */,
				FB52EA15255C3D1800BD5C0F /* LibraryHeaderView.xib */,
				FB86E0E2254F38B60002A125 /* Main.storyboard */,
				FB18FD5A255ACEFE002DABCE /* NewBookViewController.swift */,
				FB86E0F42550464A0002A125 /* DetailViewController.swift */,
				FB86E0F0254F3B140002A125 /* Book.swift */,
				FB86E0E5254F38BC0002A125 /* Assets.xcassets */,
				FB86E0F2254F42570002A125 /* Library.swift */,
				FB86E0F62555818D0002A125 /* BoockCell.swift */,
				FB86E0E7254F38BC0002A125 /* LaunchScreen.storyboard */,
				FB86E0EA254F38BC0002A125 /* Info.plist */,
			);
			path = ReadMe;
			sourceTree = "<group>";
		};
/* End PBXGroup section */

/* Begin PBXNativeTarget section */
		FB86E0D8254F38B60002A125 /* ReadMe */ = {
			isa = PBXNativeTarget;
			buildConfigurationList = FB86E0ED254F38BC0002A125 /* Build configuration list for PBXNativeTarget "ReadMe" */;
			buildPhases = (
				FB86E0D5254F38B60002A125 /* Sources */,
				FB86E0D6254F38B60002A125 /* Frameworks */,
				FB86E0D7254F38B60002A125 /* Resources */,
			);
			buildRules = (
			);
			dependencies = (
			);
			name = ReadMe;
			productName = ReadMe;
			productReference = FB86E0D9254F38B60002A125 /* ReadMe.app */;
			productType = "com.apple.product-type.application";
		};
/* End PBXNativeTarget section */

/* Begin PBXProject section */
		FB86E0D1254F38B60002A125 /* Project object */ = {
			isa = PBXProject;
			attributes = {
				LastSwiftUpdateCheck = 1120;
				LastUpgradeCheck = 1120;
				ORGANIZATIONNAME = "Deniz Cengiz";
				TargetAttributes = {
					FB86E0D8254F38B60002A125 = {
						CreatedOnToolsVersion = 11.2;
					};
				};
			};
			buildConfigurationList = FB86E0D4254F38B60002A125 /* Build configuration list for PBXProject "ReadMe" */;
			compatibilityVersion = "Xcode 9.3";
			developmentRegion = en;
			hasScannedForEncodings = 0;
			knownRegions = (
				en,
				Base,
			);
			mainGroup = FB86E0D0254F38B60002A125;
			productRefGroup = FB86E0DA254F38B60002A125 /* Products */;
			projectDirPath = "";
			projectRoot = "";
			targets = (
				FB86E0D8254F38B60002A125 /* ReadMe */,
			);
		};
/* End PBXProject section */

/* Begin PBXResourcesBuildPhase section */
		FB86E0D7254F38B60002A125 /* Resources */ = {
			isa = PBXResourcesBuildPhase;
			buildActionMask = 2147483647;
			files = (
				FB86E0E9254F38BC0002A125 /* LaunchScreen.storyboard in Resources */,
				FB86E0E6254F38BC0002A125 /* Assets.xcassets in Resources */,
				FB86E0E4254F38B60002A125 /* Main.storyboard in Resources */,
				FB52EA16255C3D1900BD5C0F /* LibraryHeaderView.xib in Resources */,
			);
			runOnlyForDeploymentPostprocessing = 0;
		};
/* End PBXResourcesBuildPhase section */

/* Begin PBXSourcesBuildPhase section */
		FB86E0D5254F38B60002A125 /* Sources */ = {
			isa = PBXSourcesBuildPhase;
			buildActionMask = 2147483647;
			files = (
				FB86E0F1254F3B140002A125 /* Book.swift in Sources */,
				FB86E0E1254F38B60002A125 /* LibraryViewController.swift in Sources */,
				FB18FD5B255ACEFE002DABCE /* NewBookViewController.swift in Sources */,
				FB86E0F3254F42570002A125 /* Library.swift in Sources */,
				FB86E0F72555818D0002A125 /* BoockCell.swift in Sources */,
				FB86E0F52550464A0002A125 /* DetailViewController.swift in Sources */,
				FB86E0DD254F38B60002A125 /* AppDelegate.swift in Sources */,
				FB86E0DF254F38B60002A125 /* SceneDelegate.swift in Sources */,
			);
			runOnlyForDeploymentPostprocessing = 0;
		};
/* End PBXSourcesBuildPhase section */

/* Begin PBXVariantGroup section */
		FB86E0E2254F38B60002A125 /* Main.storyboard */ = {
			isa = PBXVariantGroup;
			children = (
				FB86E0E3254F38B60002A125 /* Base */,
			);
			name = Main.storyboard;
			sourceTree = "<group>";
		};
		FB86E0E7254F38BC0002A125 /* LaunchScreen.storyboard */ = {
			isa = PBXVariantGroup;
			children = (
				FB86E0E8254F38BC0002A125 /* Base */,
			);
			name = LaunchScreen.storyboard;
			sourceTree = "<group>";
		};
/* End PBXVariantGroup section */

/* Begin XCBuildConfiguration section */
		FB86E0EB254F38BC0002A125 /* Debug */ = {
			isa = XCBuildConfiguration;
			buildSettings = {
				ALWAYS_SEARCH_USER_PATHS = NO;
				CLANG_ANALYZER_NONNULL = YES;
				CLANG_ANALYZER_NUMBER_OBJECT_CONVERSION = YES_AGGRESSIVE;
				CLANG_CXX_LANGUAGE_STANDARD = "gnu++14";
				CLANG_CXX_LIBRARY = "libc++";
				CLANG_ENABLE_MODULES = YES;
				CLANG_ENABLE_OBJC_ARC = YES;
				CLANG_ENABLE_OBJC_WEAK = YES;
				CLANG_WARN_BLOCK_CAPTURE_AUTORELEASING = YES;
				CLANG_WARN_BOOL_CONVERSION = YES;
				CLANG_WARN_COMMA = YES;
				CLANG_WARN_CONSTANT_CONVERSION = YES;
				CLANG_WARN_DEPRECATED_OBJC_IMPLEMENTATIONS = YES;
				CLANG_WARN_DIRECT_OBJC_ISA_USAGE = YES_ERROR;
				CLANG_WARN_DOCUMENTATION_COMMENTS = YES;
				CLANG_WARN_EMPTY_BODY = YES;
				CLANG_WARN_ENUM_CONVERSION = YES;
				CLANG_WARN_INFINITE_RECURSION = YES;
				CLANG_WARN_INT_CONVERSION = YES;
				CLANG_WARN_NON_LITERAL_NULL_CONVERSION = YES;
				CLANG_WARN_OBJC_IMPLICIT_RETAIN_SELF = YES;
				CLANG_WARN_OBJC_LITERAL_CONVERSION = YES;
				CLANG_WARN_OBJC_ROOT_CLASS = YES_ERROR;
				CLANG_WARN_RANGE_LOOP_ANALYSIS = YES;
				CLANG_WARN_STRICT_PROTOTYPES = YES;
				CLANG_WARN_SUSPICIOUS_MOVE = YES;
				CLANG_WARN_UNGUARDED_AVAILABILITY = YES_AGGRESSIVE;
				CLANG_WARN_UNREACHABLE_CODE = YES;
				CLANG_WARN__DUPLICATE_METHOD_MATCH = YES;
				COPY_PHASE_STRIP = NO;
				DEBUG_INFORMATION_FORMAT = dwarf;
				ENABLE_STRICT_OBJC_MSGSEND = YES;
				ENABLE_TESTABILITY = YES;
				GCC_C_LANGUAGE_STANDARD = gnu11;
				GCC_DYNAMIC_NO_PIC = NO;
				GCC_NO_COMMON_BLOCKS = YES;
				GCC_OPTIMIZATION_LEVEL = 0;
				GCC_PREPROCESSOR_DEFINITIONS = (
					"DEBUG=1",
					"$(inherited)",
				);
				GCC_WARN_64_TO_32_BIT_CONVERSION = YES;
				GCC_WARN_ABOUT_RETURN_TYPE = YES_ERROR;
				GCC_WARN_UNDECLARED_SELECTOR = YES;
				GCC_WARN_UNINITIALIZED_AUTOS = YES_AGGRESSIVE;
				GCC_WARN_UNUSED_FUNCTION = YES;
				GCC_WARN_UNUSED_VARIABLE = YES;
				IPHONEOS_DEPLOYMENT_TARGET = 13.2;
				MTL_ENABLE_DEBUG_INFO = INCLUDE_SOURCE;
				MTL_FAST_MATH = YES;
				ONLY_ACTIVE_ARCH = YES;
				SDKROOT = iphoneos;
				SWIFT_ACTIVE_COMPILATION_CONDITIONS = DEBUG;
				SWIFT_OPTIMIZATION_LEVEL = "-Onone";
			};
			name = Debug;
		};
		FB86E0EC254F38BC0002A125 /* Release */ = {
			isa = XCBuildConfiguration;
			buildSettings = {
				ALWAYS_SEARCH_USER_PATHS = NO;
				CLANG_ANALYZER_NONNULL = YES;
				CLANG_ANALYZER_NUMBER_OBJECT_CONVERSION = YES_AGGRESSIVE;
				CLANG_CXX_LANGUAGE_STANDARD = "gnu++14";
				CLANG_CXX_LIBRARY = "libc++";
				CLANG_ENABLE_MODULES = YES;
				CLANG_ENABLE_OBJC_ARC = YES;
				CLANG_ENABLE_OBJC_WEAK = YES;
				CLANG_WARN_BLOCK_CAPTURE_AUTORELEASING = YES;
				CLANG_WARN_BOOL_CONVERSION = YES;
				CLANG_WARN_COMMA = YES;
				CLANG_WARN_CONSTANT_CONVERSION = YES;
				CLANG_WARN_DEPRECATED_OBJC_IMPLEMENTATIONS = YES;
				CLANG_WARN_DIRECT_OBJC_ISA_USAGE = YES_ERROR;
				CLANG_WARN_DOCUMENTATION_COMMENTS = YES;
				CLANG_WARN_EMPTY_BODY = YES;
				CLANG_WARN_ENUM_CONVERSION = YES;
				CLANG_WARN_INFINITE_RECURSION = YES;
				CLANG_WARN_INT_CONVERSION = YES;
				CLANG_WARN_NON_LITERAL_NULL_CONVERSION = YES;
				CLANG_WARN_OBJC_IMPLICIT_RETAIN_SELF = YES;
				CLANG_WARN_OBJC_LITERAL_CONVERSION = YES;
				CLANG_WARN_OBJC_ROOT_CLASS = YES_ERROR;
				CLANG_WARN_RANGE_LOOP_ANALYSIS = YES;
				CLANG_WARN_STRICT_PROTOTYPES = YES;
				CLANG_WARN_SUSPICIOUS_MOVE = YES;
				CLANG_WARN_UNGUARDED_AVAILABILITY = YES_AGGRESSIVE;
				CLANG_WARN_UNREACHABLE_CODE = YES;
				CLANG_WARN__DUPLICATE_METHOD_MATCH = YES;
				COPY_PHASE_STRIP = NO;
				DEBUG_INFORMATION_FORMAT = "dwarf-with-dsym";
				ENABLE_NS_ASSERTIONS = NO;
				ENABLE_STRICT_OBJC_MSGSEND = YES;
				GCC_C_LANGUAGE_STANDARD = gnu11;
				GCC_NO_COMMON_BLOCKS = YES;
				GCC_WARN_64_TO_32_BIT_CONVERSION = YES;
				GCC_WARN_ABOUT_RETURN_TYPE = YES_ERROR;
				GCC_WARN_UNDECLARED_SELECTOR = YES;
				GCC_WARN_UNINITIALIZED_AUTOS = YES_AGGRESSIVE;
				GCC_WARN_UNUSED_FUNCTION = YES;
				GCC_WARN_UNUSED_VARIABLE = YES;
				IPHONEOS_DEPLOYMENT_TARGET = 13.2;
				MTL_ENABLE_DEBUG_INFO = NO;
				MTL_FAST_MATH = YES;
				SDKROOT = iphoneos;
				SWIFT_COMPILATION_MODE = wholemodule;
				SWIFT_OPTIMIZATION_LEVEL = "-O";
				VALIDATE_PRODUCT = YES;
			};
			name = Release;
		};
		FB86E0EE254F38BC0002A125 /* Debug */ = {
			isa = XCBuildConfiguration;
			buildSettings = {
				ASSETCATALOG_COMPILER_APPICON_NAME = AppIcon;
				CODE_SIGN_STYLE = Automatic;
				INFOPLIST_FILE = ReadMe/Info.plist;
				LD_RUNPATH_SEARCH_PATHS = (
					"$(inherited)",
					"@executable_path/Frameworks",
				);
				PRODUCT_BUNDLE_IDENTIFIER = com.denizcengiz.ReadMe;
				PRODUCT_NAME = "$(TARGET_NAME)";
				SWIFT_VERSION = 5.0;
				TARGETED_DEVICE_FAMILY = "1,2";
			};
			name = Debug;
		};
		FB86E0EF254F38BC0002A125 /* Release */ = {
			isa = XCBuildConfiguration;
			buildSettings = {
				ASSETCATALOG_COMPILER_APPICON_NAME = AppIcon;
				CODE_SIGN_STYLE = Automatic;
				INFOPLIST_FILE = ReadMe/Info.plist;
				LD_RUNPATH_SEARCH_PATHS = (
					"$(inherited)",
					"@executable_path/Frameworks",
				);
				PRODUCT_BUNDLE_IDENTIFIER = com.denizcengiz.ReadMe;
				PRODUCT_NAME = "$(TARGET_NAME)";
				SWIFT_VERSION = 5.0;
				TARGETED_DEVICE_FAMILY = "1,2";
			};
			name = Release;
		};
/* End XCBuildConfiguration section */

/* Begin XCConfigurationList section */
		FB86E0D4254F38B60002A125 /* Build configuration list for PBXProject "ReadMe" */ = {
			isa = XCConfigurationList;
			buildConfigurations = (
				FB86E0EB254F38BC0002A125 /* Debug */,
				FB86E0EC254F38BC0002A125 /* Release */,
			);
			defaultConfigurationIsVisible = 0;
			defaultConfigurationName = Release;
		};
		FB86E0ED254F38BC0002A125 /* Build configuration list for PBXNativeTarget "ReadMe" */ = {
			isa = XCConfigurationList;
			buildConfigurations = (
				FB86E0EE254F38BC0002A125 /* Debug */,
				FB86E0EF254F38BC0002A125 /* Release */,
			);
			defaultConfigurationIsVisible = 0;
			defaultConfigurationName = Release;
		};
/* End XCConfigurationList section */
	};
	rootObject = FB86E0D1254F38B60002A125 /* Project object */;
}
